version = 1
revision = 3
requires-python = ">=3.13"

[[package]]
name = "pyrealsense2"
version = "2.56.5.9235"
source = { registry = "https://pypi.org/simple" }
wheels = [
    { url = "https://files.pythonhosted.org/packages/a8/66/fa706f1d906a06d5e7015d5b412a48de9914549792eb5cb53c1854e06427/pyrealsense2-2.56.5.9235-cp313-cp313-manylinux1_x86_64.whl", hash = "sha256:c203bc8c79d5958889681408f1038ee69b0021fd8cba7ff2d4532fc90295c4fc", size = 11062717, upload-time = "2025-07-28T14:59:30.072Z" },
    { url = "https://files.pythonhosted.org/packages/b2/88/19425ce6fa809d31a8d23f46dfa6aed9b16a881e8a00e0162d4b97ba1e64/pyrealsense2-2.56.5.9235-cp313-cp313-win_amd64.whl", hash = "sha256:ad8012f7fec843c3c6ec8904bfff048806dc7b4c7709e021c6ea75e83d8d5096", size = 7802471, upload-time = "2025-07-28T14:59:31.985Z" },
]

[[package]]
name = "realsense-mediapipe-tracking"
version = "0.1.0"
source = { editable = "." }
dependencies = [
    { name = "pyrealsense2" },
]

[package.metadata]
requires-dist = [{ name = "pyrealsense2", specifier = ">=2.56.5.9235" }]
